
Microsoft Visual Studio Solution File, Format Version 12.00
# Visual Studio Version 17
VisualStudioVersion = 17.6.33815.320
MinimumVisualStudioVersion = 10.0.40219.1
Project("{FAE04EC0-301F-11D3-BF4B-00C04F79EFBC}") = "StackOverflowApp", "StackOverflowApp\StackOverflowApp.csproj", "{122EEF3A-25B9-4E44-A7A6-BFDAC6423A8B}"
EndProject
Global
	GlobalSection(SolutionConfigurationPlatforms) = preSolution
		Debug|Any CPU = Debug|Any CPU
		Release|Any CPU = Release|Any CPU
	EndGlobalSection
	GlobalSection(ProjectConfigurationPlatforms) = postSolution
		{122EEF3A-25B9-4E44-A7A6-BFDAC6423A8B}.Debug|Any CPU.ActiveCfg = Debug|Any CPU
		{122EEF3A-25B9-4E44-A7A6-BFDAC6423A8B}.Debug|Any CPU.Build.0 = Debug|Any CPU
		{122EEF3A-25B9-4E44-A7A6-BFDAC6423A8B}.Release|Any CPU.ActiveCfg = Release|Any CPU
		{122EEF3A-25B9-4E44-A7A6-BFDAC6423A8B}.Release|Any CPU.Build.0 = Release|Any CPU
	EndGlobalSection
	GlobalSection(SolutionProperties) = preSolution
		HideSolutionNode = FALSE
	EndGlobalSection
	GlobalSection(ExtensibilityGlobals) = postSolution
		SolutionGuid = {026BF82F-5255-4365-A7FB-00758591F5E8}
	EndGlobalSection
EndGlobal
